# Code generated by scarb DO NOT EDIT.
version = 1

[[package]]
name = "dojo"
version = "1.7.1"
source = "registry+https://scarbs.xyz/"
checksum = "sha256:b792d9c526269f5265dd89f063da5db8daebb461f2dec2cdb712f420187b39a8"
dependencies = [
 "dojo_cairo_macros",
]

[[package]]
name = "dojo_cairo_macros"
version = "1.7.1"
source = "registry+https://scarbs.xyz/"
checksum = "sha256:18059a9ac9ec2c0c708baad382728a99970b621b1eaab780fd9a8ec2dc975c98"

[[package]]
name = "dojo_snf_test"
version = "1.7.1"
source = "registry+https://scarbs.xyz/"
checksum = "sha256:ce2f31c7e45769aa8786eb8daf69295a3c90b96a82a7a1d13fa2c9d639d2038a"
dependencies = [
 "dojo",
 "snforge_std",
]

[[package]]
name = "snforge_scarb_plugin"
version = "0.48.1"
source = "registry+https://scarbs.xyz/"
checksum = "sha256:2dd27e8215eea8785b3930e9f452e11b429ca262b1c1fbb071bfc173b9ebc125"

[[package]]
name = "snforge_std"
version = "0.48.1"
source = "registry+https://scarbs.xyz/"
checksum = "sha256:89f759fa685d48ed0ba7152d2ac2eb168da08dfa8b84b2bee96e203dc5b2413e"
dependencies = [
 "snforge_scarb_plugin",
]

[[package]]
name = "world_factory"
version = "1.7.1"
dependencies = [
 "dojo",
 "dojo_snf_test",
]
